// !$*UTF8*$!
{
	archiveVersion = 1;
	classes = {
	};
	objectVersion = 56;
	objects = {

/* Begin PBXBuildFile section */
		8551EA9B2CA6AB1B00AF3D1F /* imageGenerate.swift in Sources */ = {isa = PBXBuildFile; fileRef = 8551EA9A2CA6AB1B00AF3D1F /* imageGenerate.swift */; };
		8551EA9D2CA6AB2C00AF3D1F /* ImageUploadView.swift in Sources */ = {isa = PBXBuildFile; fileRef = 8551EA9C2CA6AB2C00AF3D1F /* ImageUploadView.swift */; };
		8551EA9F2CA6AB6E00AF3D1F /* ImageHelper.swift in Sources */ = {isa = PBXBuildFile; fileRef = 8551EA9E2CA6AB6E00AF3D1F /* ImageHelper.swift */; };
		8551EAA12CA6AB7B00AF3D1F /* ImagePicker.swift in Sources */ = {isa = PBXBuildFile; fileRef = 8551EAA02CA6AB7B00AF3D1F /* ImagePicker.swift */; };
		8551EAA32CA6AB8A00AF3D1F /* Item.swift in Sources */ = {isa = PBXBuildFile; fileRef = 8551EAA22CA6AB8A00AF3D1F /* Item.swift */; };
		8551EAA52CA6AB9C00AF3D1F /* NavigationBackButton.swift in Sources */ = {isa = PBXBuildFile; fileRef = 8551EAA42CA6AB9C00AF3D1F /* NavigationBackButton.swift */; };
		8551EAA72CA6ABAC00AF3D1F /* OpenAiRequestApi.swift in Sources */ = {isa = PBXBuildFile; fileRef = 8551EAA62CA6ABAC00AF3D1F /* OpenAiRequestApi.swift */; };
		8551EAA92CA6ABBA00AF3D1F /* UserCardView.swift in Sources */ = {isa = PBXBuildFile; fileRef = 8551EAA82CA6ABBA00AF3D1F /* UserCardView.swift */; };
		8551EAAB2CA6ABCE00AF3D1F /* IndexView.swift in Sources */ = {isa = PBXBuildFile; fileRef = 8551EAAA2CA6ABCE00AF3D1F /* IndexView.swift */; };
		8551EAAD2CA6ABE500AF3D1F /* TextUploadView.swift in Sources */ = {isa = PBXBuildFile; fileRef = 8551EAAC2CA6ABE500AF3D1F /* TextUploadView.swift */; };
		8551EAB02CA6AC0A00AF3D1F /* StartView.swift in Sources */ = {isa = PBXBuildFile; fileRef = 8551EAAF2CA6AC0A00AF3D1F /* StartView.swift */; };
		8551EAB32CA6AC1F00AF3D1F /* CameraFocus.swift in Sources */ = {isa = PBXBuildFile; fileRef = 8551EAB22CA6AC1F00AF3D1F /* CameraFocus.swift */; };
		8551EAB52CA6AC2F00AF3D1F /* CameraTitleView.swift in Sources */ = {isa = PBXBuildFile; fileRef = 8551EAB42CA6AC2F00AF3D1F /* CameraTitleView.swift */; };
		8551EAB72CA6AC3900AF3D1F /* EmptyBubble.swift in Sources */ = {isa = PBXBuildFile; fileRef = 8551EAB62CA6AC3900AF3D1F /* EmptyBubble.swift */; };
		8551EAB92CA6AC4600AF3D1F /* FillBubble.swift in Sources */ = {isa = PBXBuildFile; fileRef = 8551EAB82CA6AC4600AF3D1F /* FillBubble.swift */; };
		8551EABB2CA6AC5F00AF3D1F /* MoreCreateButton.swift in Sources */ = {isa = PBXBuildFile; fileRef = 8551EABA2CA6AC5F00AF3D1F /* MoreCreateButton.swift */; };
		8551EABD2CA6AC6C00AF3D1F /* ParallelView.swift in Sources */ = {isa = PBXBuildFile; fileRef = 8551EABC2CA6AC6C00AF3D1F /* ParallelView.swift */; };
		8551EABF2CA6AC7900AF3D1F /* RecognizeButton.swift in Sources */ = {isa = PBXBuildFile; fileRef = 8551EABE2CA6AC7900AF3D1F /* RecognizeButton.swift */; };
		8551EAC12CA6AC8700AF3D1F /* SlidingButton.swift in Sources */ = {isa = PBXBuildFile; fileRef = 8551EAC02CA6AC8700AF3D1F /* SlidingButton.swift */; };
		8551EAC42CA6ACC400AF3D1F /* ColorExtension.swift in Sources */ = {isa = PBXBuildFile; fileRef = 8551EAC32CA6ACC400AF3D1F /* ColorExtension.swift */; };
		8551EAC72CA6ACE200AF3D1F /* Camera.swift in Sources */ = {isa = PBXBuildFile; fileRef = 8551EAC62CA6ACE200AF3D1F /* Camera.swift */; };
		8551EAC92CA6ACED00AF3D1F /* CameraView.swift in Sources */ = {isa = PBXBuildFile; fileRef = 8551EAC82CA6ACED00AF3D1F /* CameraView.swift */; };
		8551EACB2CA6ACF900AF3D1F /* ViewfinderView.swift in Sources */ = {isa = PBXBuildFile; fileRef = 8551EACA2CA6ACF900AF3D1F /* ViewfinderView.swift */; };
		8551EACD2CA6AD0300AF3D1F /* DataModel.swift in Sources */ = {isa = PBXBuildFile; fileRef = 8551EACC2CA6AD0300AF3D1F /* DataModel.swift */; };
		8551EACF2CA6AD1100AF3D1F /* VisionManager.swift in Sources */ = {isa = PBXBuildFile; fileRef = 8551EACE2CA6AD1100AF3D1F /* VisionManager.swift */; };
		85AEDDA92CA6A87B001A5D76 /* up2App.swift in Sources */ = {isa = PBXBuildFile; fileRef = 85AEDDA82CA6A87B001A5D76 /* up2App.swift */; };
		85AEDDAB2CA6A87B001A5D76 /* ContentView.swift in Sources */ = {isa = PBXBuildFile; fileRef = 85AEDDAA2CA6A87B001A5D76 /* ContentView.swift */; };
		85AEDDAD2CA6A87C001A5D76 /* Assets.xcassets in Resources */ = {isa = PBXBuildFile; fileRef = 85AEDDAC2CA6A87C001A5D76 /* Assets.xcassets */; };
		85AEDDB02CA6A87C001A5D76 /* Preview Assets.xcassets in Resources */ = {isa = PBXBuildFile; fileRef = 85AEDDAF2CA6A87C001A5D76 /* Preview Assets.xcassets */; };
		85AEDDBA2CA6A87C001A5D76 /* up2Tests.swift in Sources */ = {isa = PBXBuildFile; fileRef = 85AEDDB92CA6A87C001A5D76 /* up2Tests.swift */; };
		85AEDDC42CA6A87C001A5D76 /* up2UITests.swift in Sources */ = {isa = PBXBuildFile; fileRef = 85AEDDC32CA6A87C001A5D76 /* up2UITests.swift */; };
		85AEDDC62CA6A87C001A5D76 /* up2UITestsLaunchTests.swift in Sources */ = {isa = PBXBuildFile; fileRef = 85AEDDC52CA6A87C001A5D76 /* up2UITestsLaunchTests.swift */; };
/* End PBXBuildFile section */

/* Begin PBXContainerItemProxy section */
		85AEDDB62CA6A87C001A5D76 /* PBXContainerItemProxy */ = {
			isa = PBXContainerItemProxy;
			containerPortal = 85AEDD9D2CA6A87B001A5D76 /* Project object */;
			proxyType = 1;
			remoteGlobalIDString = 85AEDDA42CA6A87B001A5D76;
			remoteInfo = up2;
		};
		85AEDDC02CA6A87C001A5D76 /* PBXContainerItemProxy */ = {
			isa = PBXContainerItemProxy;
			containerPortal = 85AEDD9D2CA6A87B001A5D76 /* Project object */;
			proxyType = 1;
			remoteGlobalIDString = 85AEDDA42CA6A87B001A5D76;
			remoteInfo = up2;
		};
/* End PBXContainerItemProxy section */

/* Begin PBXFileReference section */
		8551EA9A2CA6AB1B00AF3D1F /* imageGenerate.swift */ = {isa = PBXFileReference; lastKnownFileType = sourcecode.swift; path = imageGenerate.swift; sourceTree = "<group>"; };
		8551EA9C2CA6AB2C00AF3D1F /* ImageUploadView.swift */ = {isa = PBXFileReference; lastKnownFileType = sourcecode.swift; path = ImageUploadView.swift; sourceTree = "<group>"; };
		8551EA9E2CA6AB6E00AF3D1F /* ImageHelper.swift */ = {isa = PBXFileReference; lastKnownFileType = sourcecode.swift; path = ImageHelper.swift; sourceTree = "<group>"; };
		8551EAA02CA6AB7B00AF3D1F /* ImagePicker.swift */ = {isa = PBXFileReference; lastKnownFileType = sourcecode.swift; path = ImagePicker.swift; sourceTree = "<group>"; };
		8551EAA22CA6AB8A00AF3D1F /* Item.swift */ = {isa = PBXFileReference; lastKnownFileType = sourcecode.swift; path = Item.swift; sourceTree = "<group>"; };
		8551EAA42CA6AB9C00AF3D1F /* NavigationBackButton.swift */ = {isa = PBXFileReference; lastKnownFileType = sourcecode.swift; path = NavigationBackButton.swift; sourceTree = "<group>"; };
		8551EAA62CA6ABAC00AF3D1F /* OpenAiRequestApi.swift */ = {isa = PBXFileReference; lastKnownFileType = sourcecode.swift; path = OpenAiRequestApi.swift; sourceTree = "<group>"; };
		8551EAA82CA6ABBA00AF3D1F /* UserCardView.swift */ = {isa = PBXFileReference; lastKnownFileType = sourcecode.swift; path = UserCardView.swift; sourceTree = "<group>"; };
		8551EAAA2CA6ABCE00AF3D1F /* IndexView.swift */ = {isa = PBXFileReference; lastKnownFileType = sourcecode.swift; path = IndexView.swift; sourceTree = "<group>"; };
		8551EAAC2CA6ABE500AF3D1F /* TextUploadView.swift */ = {isa = PBXFileReference; lastKnownFileType = sourcecode.swift; path = TextUploadView.swift; sourceTree = "<group>"; };
		8551EAAF2CA6AC0A00AF3D1F /* StartView.swift */ = {isa = PBXFileReference; lastKnownFileType = sourcecode.swift; path = StartView.swift; sourceTree = "<group>"; };
		8551EAB22CA6AC1F00AF3D1F /* CameraFocus.swift */ = {isa = PBXFileReference; lastKnownFileType = sourcecode.swift; path = CameraFocus.swift; sourceTree = "<group>"; };
		8551EAB42CA6AC2F00AF3D1F /* CameraTitleView.swift */ = {isa = PBXFileReference; lastKnownFileType = sourcecode.swift; path = CameraTitleView.swift; sourceTree = "<group>"; };
		8551EAB62CA6AC3900AF3D1F /* EmptyBubble.swift */ = {isa = PBXFileReference; lastKnownFileType = sourcecode.swift; path = EmptyBubble.swift; sourceTree = "<group>"; };
		8551EAB82CA6AC4600AF3D1F /* FillBubble.swift */ = {isa = PBXFileReference; lastKnownFileType = sourcecode.swift; path = FillBubble.swift; sourceTree = "<group>"; };
		8551EABA2CA6AC5F00AF3D1F /* MoreCreateButton.swift */ = {isa = PBXFileReference; lastKnownFileType = sourcecode.swift; path = MoreCreateButton.swift; sourceTree = "<group>"; };
		8551EABC2CA6AC6C00AF3D1F /* ParallelView.swift */ = {isa = PBXFileReference; lastKnownFileType = sourcecode.swift; path = ParallelView.swift; sourceTree = "<group>"; };
		8551EABE2CA6AC7900AF3D1F /* RecognizeButton.swift */ = {isa = PBXFileReference; lastKnownFileType = sourcecode.swift; path = RecognizeButton.swift; sourceTree = "<group>"; };
		8551EAC02CA6AC8700AF3D1F /* SlidingButton.swift */ = {isa = PBXFileReference; lastKnownFileType = sourcecode.swift; path = SlidingButton.swift; sourceTree = "<group>"; };
		8551EAC32CA6ACC400AF3D1F /* ColorExtension.swift */ = {isa = PBXFileReference; lastKnownFileType = sourcecode.swift; path = ColorExtension.swift; sourceTree = "<group>"; };
		8551EAC62CA6ACE200AF3D1F /* Camera.swift */ = {isa = PBXFileReference; lastKnownFileType = sourcecode.swift; path = Camera.swift; sourceTree = "<group>"; };
		8551EAC82CA6ACED00AF3D1F /* CameraView.swift */ = {isa = PBXFileReference; lastKnownFileType = sourcecode.swift; path = CameraView.swift; sourceTree = "<group>"; };
		8551EACA2CA6ACF900AF3D1F /* ViewfinderView.swift */ = {isa = PBXFileReference; lastKnownFileType = sourcecode.swift; path = ViewfinderView.swift; sourceTree = "<group>"; };
		8551EACC2CA6AD0300AF3D1F /* DataModel.swift */ = {isa = PBXFileReference; lastKnownFileType = sourcecode.swift; path = DataModel.swift; sourceTree = "<group>"; };
		8551EACE2CA6AD1100AF3D1F /* VisionManager.swift */ = {isa = PBXFileReference; lastKnownFileType = sourcecode.swift; path = VisionManager.swift; sourceTree = "<group>"; };
		85AEDDA52CA6A87B001A5D76 /* up2.app */ = {isa = PBXFileReference; explicitFileType = wrapper.application; includeInIndex = 0; path = up2.app; sourceTree = BUILT_PRODUCTS_DIR; };
		85AEDDA82CA6A87B001A5D76 /* up2App.swift */ = {isa = PBXFileReference; lastKnownFileType = sourcecode.swift; path = up2App.swift; sourceTree = "<group>"; };
		85AEDDAA2CA6A87B001A5D76 /* ContentView.swift */ = {isa = PBXFileReference; lastKnownFileType = sourcecode.swift; path = ContentView.swift; sourceTree = "<group>"; };
		85AEDDAC2CA6A87C001A5D76 /* Assets.xcassets */ = {isa = PBXFileReference; lastKnownFileType = folder.assetcatalog; path = Assets.xcassets; sourceTree = "<group>"; };
		85AEDDAF2CA6A87C001A5D76 /* Preview Assets.xcassets */ = {isa = PBXFileReference; lastKnownFileType = folder.assetcatalog; path = "Preview Assets.xcassets"; sourceTree = "<group>"; };
		85AEDDB52CA6A87C001A5D76 /* up2Tests.xctest */ = {isa = PBXFileReference; explicitFileType = wrapper.cfbundle; includeInIndex = 0; path = up2Tests.xctest; sourceTree = BUILT_PRODUCTS_DIR; };
		85AEDDB92CA6A87C001A5D76 /* up2Tests.swift */ = {isa = PBXFileReference; lastKnownFileType = sourcecode.swift; path = up2Tests.swift; sourceTree = "<group>"; };
		85AEDDBF2CA6A87C001A5D76 /* up2UITests.xctest */ = {isa = PBXFileReference; explicitFileType = wrapper.cfbundle; includeInIndex = 0; path = up2UITests.xctest; sourceTree = BUILT_PRODUCTS_DIR; };
		85AEDDC32CA6A87C001A5D76 /* up2UITests.swift */ = {isa = PBXFileReference; lastKnownFileType = sourcecode.swift; path = up2UITests.swift; sourceTree = "<group>"; };
		85AEDDC52CA6A87C001A5D76 /* up2UITestsLaunchTests.swift */ = {isa = PBXFileReference; lastKnownFileType = sourcecode.swift; path = up2UITestsLaunchTests.swift; sourceTree = "<group>"; };
/* End PBXFileReference section */

/* Begin PBXFrameworksBuildPhase section */
		85AEDDA22CA6A87B001A5D76 /* Frameworks */ = {
			isa = PBXFrameworksBuildPhase;
			buildActionMask = 2147483647;
			files = (
			);
			runOnlyForDeploymentPostprocessing = 0;
		};
		85AEDDB22CA6A87C001A5D76 /* Frameworks */ = {
			isa = PBXFrameworksBuildPhase;
			buildActionMask = 2147483647;
			files = (
			);
			runOnlyForDeploymentPostprocessing = 0;
		};
		85AEDDBC2CA6A87C001A5D76 /* Frameworks */ = {
			isa = PBXFrameworksBuildPhase;
			buildActionMask = 2147483647;
			files = (
			);
			runOnlyForDeploymentPostprocessing = 0;
		};
/* End PBXFrameworksBuildPhase section */

/* Begin PBXGroup section */
		8551EAAE2CA6ABF300AF3D1F /* Views */ = {
			isa = PBXGroup;
			children = (
				8551EAB12CA6AC0E00AF3D1F /* Utils */,
				8551EAAF2CA6AC0A00AF3D1F /* StartView.swift */,
			);
			path = Views;
			sourceTree = "<group>";
		};
		8551EAB12CA6AC0E00AF3D1F /* Utils */ = {
			isa = PBXGroup;
			children = (
				8551EAB22CA6AC1F00AF3D1F /* CameraFocus.swift */,
				8551EAB42CA6AC2F00AF3D1F /* CameraTitleView.swift */,
				8551EAB62CA6AC3900AF3D1F /* EmptyBubble.swift */,
				8551EAB82CA6AC4600AF3D1F /* FillBubble.swift */,
				8551EABA2CA6AC5F00AF3D1F /* MoreCreateButton.swift */,
				8551EABC2CA6AC6C00AF3D1F /* ParallelView.swift */,
				8551EABE2CA6AC7900AF3D1F /* RecognizeButton.swift */,
				8551EAC02CA6AC8700AF3D1F /* SlidingButton.swift */,
			);
			path = Utils;
			sourceTree = "<group>";
		};
		8551EAC22CA6ACB000AF3D1F /* Extension */ = {
			isa = PBXGroup;
			children = (
				8551EAC32CA6ACC400AF3D1F /* ColorExtension.swift */,
			);
			path = Extension;
			sourceTree = "<group>";
		};
		8551EAC52CA6ACD300AF3D1F /* CameraTools */ = {
			isa = PBXGroup;
			children = (
				8551EAC62CA6ACE200AF3D1F /* Camera.swift */,
				8551EAC82CA6ACED00AF3D1F /* CameraView.swift */,
				8551EACA2CA6ACF900AF3D1F /* ViewfinderView.swift */,
				8551EACC2CA6AD0300AF3D1F /* DataModel.swift */,
				8551EACE2CA6AD1100AF3D1F /* VisionManager.swift */,
			);
			path = CameraTools;
			sourceTree = "<group>";
		};
		85AEDD9C2CA6A87B001A5D76 = {
			isa = PBXGroup;
			children = (
				85AEDDA72CA6A87B001A5D76 /* up2 */,
				85AEDDB82CA6A87C001A5D76 /* up2Tests */,
				85AEDDC22CA6A87C001A5D76 /* up2UITests */,
				85AEDDA62CA6A87B001A5D76 /* Products */,
			);
			sourceTree = "<group>";
		};
		85AEDDA62CA6A87B001A5D76 /* Products */ = {
			isa = PBXGroup;
			children = (
				85AEDDA52CA6A87B001A5D76 /* up2.app */,
				85AEDDB52CA6A87C001A5D76 /* up2Tests.xctest */,
				85AEDDBF2CA6A87C001A5D76 /* up2UITests.xctest */,
			);
			name = Products;
			sourceTree = "<group>";
		};
		85AEDDA72CA6A87B001A5D76 /* up2 */ = {
			isa = PBXGroup;
			children = (
				8551EAC52CA6ACD300AF3D1F /* CameraTools */,
				8551EAC22CA6ACB000AF3D1F /* Extension */,
				8551EAAE2CA6ABF300AF3D1F /* Views */,
				85AEDDA82CA6A87B001A5D76 /* up2App.swift */,
				85AEDDAA2CA6A87B001A5D76 /* ContentView.swift */,
				85AEDDAC2CA6A87C001A5D76 /* Assets.xcassets */,
				85AEDDAE2CA6A87C001A5D76 /* Preview Content */,
				8551EA9A2CA6AB1B00AF3D1F /* imageGenerate.swift */,
				8551EA9C2CA6AB2C00AF3D1F /* ImageUploadView.swift */,
				8551EA9E2CA6AB6E00AF3D1F /* ImageHelper.swift */,
				8551EAA02CA6AB7B00AF3D1F /* ImagePicker.swift */,
				8551EAA22CA6AB8A00AF3D1F /* Item.swift */,
				8551EAA42CA6AB9C00AF3D1F /* NavigationBackButton.swift */,
				8551EAA62CA6ABAC00AF3D1F /* OpenAiRequestApi.swift */,
				8551EAA82CA6ABBA00AF3D1F /* UserCardView.swift */,
				8551EAAA2CA6ABCE00AF3D1F /* IndexView.swift */,
				8551EAAC2CA6ABE500AF3D1F /* TextUploadView.swift */,
			);
			path = up2;
			sourceTree = "<group>";
		};
		85AEDDAE2CA6A87C001A5D76 /* Preview Content */ = {
			isa = PBXGroup;
			children = (
				85AEDDAF2CA6A87C001A5D76 /* Preview Assets.xcassets */,
			);
			path = "Preview Content";
			sourceTree = "<group>";
		};
		85AEDDB82CA6A87C001A5D76 /* up2Tests */ = {
			isa = PBXGroup;
			children = (
				85AEDDB92CA6A87C001A5D76 /* up2Tests.swift */,
			);
			path = up2Tests;
			sourceTree = "<group>";
		};
		85AEDDC22CA6A87C001A5D76 /* up2UITests */ = {
			isa = PBXGroup;
			children = (
				85AEDDC32CA6A87C001A5D76 /* up2UITests.swift */,
				85AEDDC52CA6A87C001A5D76 /* up2UITestsLaunchTests.swift */,
			);
			path = up2UITests;
			sourceTree = "<group>";
		};
/* End PBXGroup section */

/* Begin PBXNativeTarget section */
		85AEDDA42CA6A87B001A5D76 /* up2 */ = {
			isa = PBXNativeTarget;
			buildConfigurationList = 85AEDDC92CA6A87C001A5D76 /* Build configuration list for PBXNativeTarget "up2" */;
			buildPhases = (
				85AEDDA12CA6A87B001A5D76 /* Sources */,
				85AEDDA22CA6A87B001A5D76 /* Frameworks */,
				85AEDDA32CA6A87B001A5D76 /* Resources */,
			);
			buildRules = (
			);
			dependencies = (
			);
			name = up2;
			productName = up2;
			productReference = 85AEDDA52CA6A87B001A5D76 /* up2.app */;
			productType = "com.apple.product-type.application";
		};
		85AEDDB42CA6A87C001A5D76 /* up2Tests */ = {
			isa = PBXNativeTarget;
			buildConfigurationList = 85AEDDCC2CA6A87C001A5D76 /* Build configuration list for PBXNativeTarget "up2Tests" */;
			buildPhases = (
				85AEDDB12CA6A87C001A5D76 /* Sources */,
				85AEDDB22CA6A87C001A5D76 /* Frameworks */,
				85AEDDB32CA6A87C001A5D76 /* Resources */,
			);
			buildRules = (
			);
			dependencies = (
				85AEDDB72CA6A87C001A5D76 /* PBXTargetDependency */,
			);
			name = up2Tests;
			productName = up2Tests;
			productReference = 85AEDDB52CA6A87C001A5D76 /* up2Tests.xctest */;
			productType = "com.apple.product-type.bundle.unit-test";
		};
		85AEDDBE2CA6A87C001A5D76 /* up2UITests */ = {
			isa = PBXNativeTarget;
			buildConfigurationList = 85AEDDCF2CA6A87C001A5D76 /* Build configuration list for PBXNativeTarget "up2UITests" */;
			buildPhases = (
				85AEDDBB2CA6A87C001A5D76 /* Sources */,
				85AEDDBC2CA6A87C001A5D76 /* Frameworks */,
				85AEDDBD2CA6A87C001A5D76 /* Resources */,
			);
			buildRules = (
			);
			dependencies = (
				85AEDDC12CA6A87C001A5D76 /* PBXTargetDependency */,
			);
			name = up2UITests;
			productName = up2UITests;
			productReference = 85AEDDBF2CA6A87C001A5D76 /* up2UITests.xctest */;
			productType = "com.apple.product-type.bundle.ui-testing";
		};
/* End PBXNativeTarget section */

/* Begin PBXProject section */
		85AEDD9D2CA6A87B001A5D76 /* Project object */ = {
			isa = PBXProject;
			attributes = {
				BuildIndependentTargetsInParallel = 1;
				LastSwiftUpdateCheck = 1540;
				LastUpgradeCheck = 1540;
				TargetAttributes = {
					85AEDDA42CA6A87B001A5D76 = {
						CreatedOnToolsVersion = 15.4;
					};
					85AEDDB42CA6A87C001A5D76 = {
						CreatedOnToolsVersion = 15.4;
						TestTargetID = 85AEDDA42CA6A87B001A5D76;
					};
					85AEDDBE2CA6A87C001A5D76 = {
						CreatedOnToolsVersion = 15.4;
						TestTargetID = 85AEDDA42CA6A87B001A5D76;
					};
				};
			};
			buildConfigurationList = 85AEDDA02CA6A87B001A5D76 /* Build configuration list for PBXProject "up2" */;
			compatibilityVersion = "Xcode 14.0";
			developmentRegion = en;
			hasScannedForEncodings = 0;
			knownRegions = (
				en,
				Base,
			);
			mainGroup = 85AEDD9C2CA6A87B001A5D76;
			productRefGroup = 85AEDDA62CA6A87B001A5D76 /* Products */;
			projectDirPath = "";
			projectRoot = "";
			targets = (
				85AEDDA42CA6A87B001A5D76 /* up2 */,
				85AEDDB42CA6A87C001A5D76 /* up2Tests */,
				85AEDDBE2CA6A87C001A5D76 /* up2UITests */,
			);
		};
/* End PBXProject section */

/* Begin PBXResourcesBuildPhase section */
		85AEDDA32CA6A87B001A5D76 /* Resources */ = {
			isa = PBXResourcesBuildPhase;
			buildActionMask = 2147483647;
			files = (
				85AEDDB02CA6A87C001A5D76 /* Preview Assets.xcassets in Resources */,
				85AEDDAD2CA6A87C001A5D76 /* Assets.xcassets in Resources */,
			);
			runOnlyForDeploymentPostprocessing = 0;
		};
		85AEDDB32CA6A87C001A5D76 /* Resources */ = {
			isa = PBXResourcesBuildPhase;
			buildActionMask = 2147483647;
			files = (
			);
			runOnlyForDeploymentPostprocessing = 0;
		};
		85AEDDBD2CA6A87C001A5D76 /* Resources */ = {
			isa = PBXResourcesBuildPhase;
			buildActionMask = 2147483647;
			files = (
			);
			runOnlyForDeploymentPostprocessing = 0;
		};
/* End PBXResourcesBuildPhase section */

/* Begin PBXSourcesBuildPhase section */
		85AEDDA12CA6A87B001A5D76 /* Sources */ = {
			isa = PBXSourcesBuildPhase;
			buildActionMask = 2147483647;
			files = (
				85AEDDAB2CA6A87B001A5D76 /* ContentView.swift in Sources */,
				8551EAA72CA6ABAC00AF3D1F /* OpenAiRequestApi.swift in Sources */,
				8551EA9F2CA6AB6E00AF3D1F /* ImageHelper.swift in Sources */,
				8551EACB2CA6ACF900AF3D1F /* ViewfinderView.swift in Sources */,
				8551EAAB2CA6ABCE00AF3D1F /* IndexView.swift in Sources */,
				8551EAAD2CA6ABE500AF3D1F /* TextUploadView.swift in Sources */,
				8551EAB32CA6AC1F00AF3D1F /* CameraFocus.swift in Sources */,
				8551EABD2CA6AC6C00AF3D1F /* ParallelView.swift in Sources */,
				8551EAB02CA6AC0A00AF3D1F /* StartView.swift in Sources */,
				8551EAB72CA6AC3900AF3D1F /* EmptyBubble.swift in Sources */,
				8551EAC42CA6ACC400AF3D1F /* ColorExtension.swift in Sources */,
				8551EABB2CA6AC5F00AF3D1F /* MoreCreateButton.swift in Sources */,
				8551EAA52CA6AB9C00AF3D1F /* NavigationBackButton.swift in Sources */,
				8551EAB52CA6AC2F00AF3D1F /* CameraTitleView.swift in Sources */,
				85AEDDA92CA6A87B001A5D76 /* up2App.swift in Sources */,
				8551EAA12CA6AB7B00AF3D1F /* ImagePicker.swift in Sources */,
				8551EAC92CA6ACED00AF3D1F /* CameraView.swift in Sources */,
				8551EAA32CA6AB8A00AF3D1F /* Item.swift in Sources */,
				8551EA9B2CA6AB1B00AF3D1F /* imageGenerate.swift in Sources */,
				8551EACD2CA6AD0300AF3D1F /* DataModel.swift in Sources */,
				8551EA9D2CA6AB2C00AF3D1F /* ImageUploadView.swift in Sources */,
				8551EAC72CA6ACE200AF3D1F /* Camera.swift in Sources */,
				8551EAC12CA6AC8700AF3D1F /* SlidingButton.swift in Sources */,
				8551EAB92CA6AC4600AF3D1F /* FillBubble.swift in Sources */,
				8551EACF2CA6AD1100AF3D1F /* VisionManager.swift in Sources */,
				8551EABF2CA6AC7900AF3D1F /* RecognizeButton.swift in Sources */,
				8551EAA92CA6ABBA00AF3D1F /* UserCardView.swift in Sources */,
			);
			runOnlyForDeploymentPostprocessing = 0;
		};
		85AEDDB12CA6A87C001A5D76 /* Sources */ = {
			isa = PBXSourcesBuildPhase;
			buildActionMask = 2147483647;
			files = (
				85AEDDBA2CA6A87C001A5D76 /* up2Tests.swift in Sources */,
			);
			runOnlyForDeploymentPostprocessing = 0;
		};
		85AEDDBB2CA6A87C001A5D76 /* Sources */ = {
			isa = PBXSourcesBuildPhase;
			buildActionMask = 2147483647;
			files = (
				85AEDDC62CA6A87C001A5D76 /* up2UITestsLaunchTests.swift in Sources */,
				85AEDDC42CA6A87C001A5D76 /* up2UITests.swift in Sources */,
			);
			runOnlyForDeploymentPostprocessing = 0;
		};
/* End PBXSourcesBuildPhase section */

/* Begin PBXTargetDependency section */
		85AEDDB72CA6A87C001A5D76 /* PBXTargetDependency */ = {
			isa = PBXTargetDependency;
			target = 85AEDDA42CA6A87B001A5D76 /* up2 */;
			targetProxy = 85AEDDB62CA6A87C001A5D76 /* PBXContainerItemProxy */;
		};
		85AEDDC12CA6A87C001A5D76 /* PBXTargetDependency */ = {
			isa = PBXTargetDependency;
			target = 85AEDDA42CA6A87B001A5D76 /* up2 */;
			targetProxy = 85AEDDC02CA6A87C001A5D76 /* PBXContainerItemProxy */;
		};
/* End PBXTargetDependency section */

/* Begin XCBuildConfiguration section */
		85AEDDC72CA6A87C001A5D76 /* Debug */ = {
			isa = XCBuildConfiguration;
			buildSettings = {
				ALWAYS_SEARCH_USER_PATHS = NO;
				ASSETCATALOG_COMPILER_GENERATE_SWIFT_ASSET_SYMBOL_EXTENSIONS = YES;
				CLANG_ANALYZER_NONNULL = YES;
				CLANG_ANALYZER_NUMBER_OBJECT_CONVERSION = YES_AGGRESSIVE;
				CLANG_CXX_LANGUAGE_STANDARD = "gnu++20";
				CLANG_ENABLE_MODULES = YES;
				CLANG_ENABLE_OBJC_ARC = YES;
				CLANG_ENABLE_OBJC_WEAK = YES;
				CLANG_WARN_BLOCK_CAPTURE_AUTORELEASING = YES;
				CLANG_WARN_BOOL_CONVERSION = YES;
				CLANG_WARN_COMMA = YES;
				CLANG_WARN_CONSTANT_CONVERSION = YES;
				CLANG_WARN_DEPRECATED_OBJC_IMPLEMENTATIONS = YES;
				CLANG_WARN_DIRECT_OBJC_ISA_USAGE = YES_ERROR;
				CLANG_WARN_DOCUMENTATION_COMMENTS = YES;
				CLANG_WARN_EMPTY_BODY = YES;
				CLANG_WARN_ENUM_CONVERSION = YES;
				CLANG_WARN_INFINITE_RECURSION = YES;
				CLANG_WARN_INT_CONVERSION = YES;
				CLANG_WARN_NON_LITERAL_NULL_CONVERSION = YES;
				CLANG_WARN_OBJC_IMPLICIT_RETAIN_SELF = YES;
				CLANG_WARN_OBJC_LITERAL_CONVERSION = YES;
				CLANG_WARN_OBJC_ROOT_CLASS = YES_ERROR;
				CLANG_WARN_QUOTED_INCLUDE_IN_FRAMEWORK_HEADER = YES;
				CLANG_WARN_RANGE_LOOP_ANALYSIS = YES;
				CLANG_WARN_STRICT_PROTOTYPES = YES;
				CLANG_WARN_SUSPICIOUS_MOVE = YES;
				CLANG_WARN_UNGUARDED_AVAILABILITY = YES_AGGRESSIVE;
				CLANG_WARN_UNREACHABLE_CODE = YES;
				CLANG_WARN__DUPLICATE_METHOD_MATCH = YES;
				COPY_PHASE_STRIP = NO;
				DEBUG_INFORMATION_FORMAT = dwarf;
				ENABLE_STRICT_OBJC_MSGSEND = YES;
				ENABLE_TESTABILITY = YES;
				ENABLE_USER_SCRIPT_SANDBOXING = YES;
				GCC_C_LANGUAGE_STANDARD = gnu17;
				GCC_DYNAMIC_NO_PIC = NO;
				GCC_NO_COMMON_BLOCKS = YES;
				GCC_OPTIMIZATION_LEVEL = 0;
				GCC_PREPROCESSOR_DEFINITIONS = (
					"DEBUG=1",
					"$(inherited)",
				);
				GCC_WARN_64_TO_32_BIT_CONVERSION = YES;
				GCC_WARN_ABOUT_RETURN_TYPE = YES_ERROR;
				GCC_WARN_UNDECLARED_SELECTOR = YES;
				GCC_WARN_UNINITIALIZED_AUTOS = YES_AGGRESSIVE;
				GCC_WARN_UNUSED_FUNCTION = YES;
				GCC_WARN_UNUSED_VARIABLE = YES;
				IPHONEOS_DEPLOYMENT_TARGET = 17.5;
				LOCALIZATION_PREFERS_STRING_CATALOGS = YES;
				MTL_ENABLE_DEBUG_INFO = INCLUDE_SOURCE;
				MTL_FAST_MATH = YES;
				ONLY_ACTIVE_ARCH = YES;
				SDKROOT = iphoneos;
				SWIFT_ACTIVE_COMPILATION_CONDITIONS = "DEBUG $(inherited)";
				SWIFT_OPTIMIZATION_LEVEL = "-Onone";
			};
			name = Debug;
		};
		85AEDDC82CA6A87C001A5D76 /* Release */ = {
			isa = XCBuildConfiguration;
			buildSettings = {
				ALWAYS_SEARCH_USER_PATHS = NO;
				ASSETCATALOG_COMPILER_GENERATE_SWIFT_ASSET_SYMBOL_EXTENSIONS = YES;
				CLANG_ANALYZER_NONNULL = YES;
				CLANG_ANALYZER_NUMBER_OBJECT_CONVERSION = YES_AGGRESSIVE;
				CLANG_CXX_LANGUAGE_STANDARD = "gnu++20";
				CLANG_ENABLE_MODULES = YES;
				CLANG_ENABLE_OBJC_ARC = YES;
				CLANG_ENABLE_OBJC_WEAK = YES;
				CLANG_WARN_BLOCK_CAPTURE_AUTORELEASING = YES;
				CLANG_WARN_BOOL_CONVERSION = YES;
				CLANG_WARN_COMMA = YES;
				CLANG_WARN_CONSTANT_CONVERSION = YES;
				CLANG_WARN_DEPRECATED_OBJC_IMPLEMENTATIONS = YES;
				CLANG_WARN_DIRECT_OBJC_ISA_USAGE = YES_ERROR;
				CLANG_WARN_DOCUMENTATION_COMMENTS = YES;
				CLANG_WARN_EMPTY_BODY = YES;
				CLANG_WARN_ENUM_CONVERSION = YES;
				CLANG_WARN_INFINITE_RECURSION = YES;
				CLANG_WARN_INT_CONVERSION = YES;
				CLANG_WARN_NON_LITERAL_NULL_CONVERSION = YES;
				CLANG_WARN_OBJC_IMPLICIT_RETAIN_SELF = YES;
				CLANG_WARN_OBJC_LITERAL_CONVERSION = YES;
				CLANG_WARN_OBJC_ROOT_CLASS = YES_ERROR;
				CLANG_WARN_QUOTED_INCLUDE_IN_FRAMEWORK_HEADER = YES;
				CLANG_WARN_RANGE_LOOP_ANALYSIS = YES;
				CLANG_WARN_STRICT_PROTOTYPES = YES;
				CLANG_WARN_SUSPICIOUS_MOVE = YES;
				CLANG_WARN_UNGUARDED_AVAILABILITY = YES_AGGRESSIVE;
				CLANG_WARN_UNREACHABLE_CODE = YES;
				CLANG_WARN__DUPLICATE_METHOD_MATCH = YES;
				COPY_PHASE_STRIP = NO;
				DEBUG_INFORMATION_FORMAT = "dwarf-with-dsym";
				ENABLE_NS_ASSERTIONS = NO;
				ENABLE_STRICT_OBJC_MSGSEND = YES;
				ENABLE_USER_SCRIPT_SANDBOXING = YES;
				GCC_C_LANGUAGE_STANDARD = gnu17;
				GCC_NO_COMMON_BLOCKS = YES;
				GCC_WARN_64_TO_32_BIT_CONVERSION = YES;
				GCC_WARN_ABOUT_RETURN_TYPE = YES_ERROR;
				GCC_WARN_UNDECLARED_SELECTOR = YES;
				GCC_WARN_UNINITIALIZED_AUTOS = YES_AGGRESSIVE;
				GCC_WARN_UNUSED_FUNCTION = YES;
				GCC_WARN_UNUSED_VARIABLE = YES;
				IPHONEOS_DEPLOYMENT_TARGET = 17.5;
				LOCALIZATION_PREFERS_STRING_CATALOGS = YES;
				MTL_ENABLE_DEBUG_INFO = NO;
				MTL_FAST_MATH = YES;
				SDKROOT = iphoneos;
				SWIFT_COMPILATION_MODE = wholemodule;
				VALIDATE_PRODUCT = YES;
			};
			name = Release;
		};
		85AEDDCA2CA6A87C001A5D76 /* Debug */ = {
			isa = XCBuildConfiguration;
			buildSettings = {
				ASSETCATALOG_COMPILER_APPICON_NAME = AppIcon;
				ASSETCATALOG_COMPILER_GLOBAL_ACCENT_COLOR_NAME = AccentColor;
				CODE_SIGN_STYLE = Automatic;
				CURRENT_PROJECT_VERSION = 1;
				DEVELOPMENT_ASSET_PATHS = "\"up2/Preview Content\"";
				DEVELOPMENT_TEAM = 888L2DX93P;
				ENABLE_PREVIEWS = YES;
				GENERATE_INFOPLIST_FILE = YES;
				INFOPLIST_KEY_UIApplicationSceneManifest_Generation = YES;
				INFOPLIST_KEY_UIApplicationSupportsIndirectInputEvents = YES;
				INFOPLIST_KEY_UILaunchScreen_Generation = YES;
				INFOPLIST_KEY_UISupportedInterfaceOrientations_iPad = "UIInterfaceOrientationPortrait UIInterfaceOrientationPortraitUpsideDown UIInterfaceOrientationLandscapeLeft UIInterfaceOrientationLandscapeRight";
				INFOPLIST_KEY_UISupportedInterfaceOrientations_iPhone = "UIInterfaceOrientationPortrait UIInterfaceOrientationLandscapeLeft UIInterfaceOrientationLandscapeRight";
				LD_RUNPATH_SEARCH_PATHS = (
					"$(inherited)",
					"@executable_path/Frameworks",
				);
				MARKETING_VERSION = 1.0;
				PRODUCT_BUNDLE_IDENTIFIER = Beihang.up2;
				PRODUCT_NAME = "$(TARGET_NAME)";
				SWIFT_EMIT_LOC_STRINGS = YES;
				SWIFT_VERSION = 5.0;
				TARGETED_DEVICE_FAMILY = "1,2";
			};
			name = Debug;
		};
		85AEDDCB2CA6A87C001A5D76 /* Release */ = {
			isa = XCBuildConfiguration;
			buildSettings = {
				ASSETCATALOG_COMPILER_APPICON_NAME = AppIcon;
				ASSETCATALOG_COMPILER_GLOBAL_ACCENT_COLOR_NAME = AccentColor;
				CODE_SIGN_STYLE = Automatic;
				CURRENT_PROJECT_VERSION = 1;
				DEVELOPMENT_ASSET_PATHS = "\"up2/Preview Content\"";
				DEVELOPMENT_TEAM = 888L2DX93P;
				ENABLE_PREVIEWS = YES;
				GENERATE_INFOPLIST_FILE = YES;
				INFOPLIST_KEY_UIApplicationSceneManifest_Generation = YES;
				INFOPLIST_KEY_UIApplicationSupportsIndirectInputEvents = YES;
				INFOPLIST_KEY_UILaunchScreen_Generation = YES;
				INFOPLIST_KEY_UISupportedInterfaceOrientations_iPad = "UIInterfaceOrientationPortrait UIInterfaceOrientationPortraitUpsideDown UIInterfaceOrientationLandscapeLeft UIInterfaceOrientationLandscapeRight";
				INFOPLIST_KEY_UISupportedInterfaceOrientations_iPhone = "UIInterfaceOrientationPortrait UIInterfaceOrientationLandscapeLeft UIInterfaceOrientationLandscapeRight";
				LD_RUNPATH_SEARCH_PATHS = (
					"$(inherited)",
					"@executable_path/Frameworks",
				);
				MARKETING_VERSION = 1.0;
				PRODUCT_BUNDLE_IDENTIFIER = Beihang.up2;
				PRODUCT_NAME = "$(TARGET_NAME)";
				SWIFT_EMIT_LOC_STRINGS = YES;
				SWIFT_VERSION = 5.0;
				TARGETED_DEVICE_FAMILY = "1,2";
			};
			name = Release;
		};
		85AEDDCD2CA6A87C001A5D76 /* Debug */ = {
			isa = XCBuildConfiguration;
			buildSettings = {
				ALWAYS_EMBED_SWIFT_STANDARD_LIBRARIES = YES;
				BUNDLE_LOADER = "$(TEST_HOST)";
				CODE_SIGN_STYLE = Automatic;
				CURRENT_PROJECT_VERSION = 1;
				DEVELOPMENT_TEAM = 888L2DX93P;
				GENERATE_INFOPLIST_FILE = YES;
				IPHONEOS_DEPLOYMENT_TARGET = 17.5;
				MARKETING_VERSION = 1.0;
				PRODUCT_BUNDLE_IDENTIFIER = Beihang.up2Tests;
				PRODUCT_NAME = "$(TARGET_NAME)";
				SWIFT_EMIT_LOC_STRINGS = NO;
				SWIFT_VERSION = 5.0;
				TARGETED_DEVICE_FAMILY = "1,2";
				TEST_HOST = "$(BUILT_PRODUCTS_DIR)/up2.app/$(BUNDLE_EXECUTABLE_FOLDER_PATH)/up2";
			};
			name = Debug;
		};
		85AEDDCE2CA6A87C001A5D76 /* Release */ = {
			isa = XCBuildConfiguration;
			buildSettings = {
				ALWAYS_EMBED_SWIFT_STANDARD_LIBRARIES = YES;
				BUNDLE_LOADER = "$(TEST_HOST)";
				CODE_SIGN_STYLE = Automatic;
				CURRENT_PROJECT_VERSION = 1;
				DEVELOPMENT_TEAM = 888L2DX93P;
				GENERATE_INFOPLIST_FILE = YES;
				IPHONEOS_DEPLOYMENT_TARGET = 17.5;
				MARKETING_VERSION = 1.0;
				PRODUCT_BUNDLE_IDENTIFIER = Beihang.up2Tests;
				PRODUCT_NAME = "$(TARGET_NAME)";
				SWIFT_EMIT_LOC_STRINGS = NO;
				SWIFT_VERSION = 5.0;
				TARGETED_DEVICE_FAMILY = "1,2";
				TEST_HOST = "$(BUILT_PRODUCTS_DIR)/up2.app/$(BUNDLE_EXECUTABLE_FOLDER_PATH)/up2";
			};
			name = Release;
		};
		85AEDDD02CA6A87C001A5D76 /* Debug */ = {
			isa = XCBuildConfiguration;
			buildSettings = {
				ALWAYS_EMBED_SWIFT_STANDARD_LIBRARIES = YES;
				CODE_SIGN_STYLE = Automatic;
				CURRENT_PROJECT_VERSION = 1;
				DEVELOPMENT_TEAM = 888L2DX93P;
				GENERATE_INFOPLIST_FILE = YES;
				MARKETING_VERSION = 1.0;
				PRODUCT_BUNDLE_IDENTIFIER = Beihang.up2UITests;
				PRODUCT_NAME = "$(TARGET_NAME)";
				SWIFT_EMIT_LOC_STRINGS = NO;
				SWIFT_VERSION = 5.0;
				TARGETED_DEVICE_FAMILY = "1,2";
				TEST_TARGET_NAME = up2;
			};
			name = Debug;
		};
		85AEDDD12CA6A87C001A5D76 /* Release */ = {
			isa = XCBuildConfiguration;
			buildSettings = {
				ALWAYS_EMBED_SWIFT_STANDARD_LIBRARIES = YES;
				CODE_SIGN_STYLE = Automatic;
				CURRENT_PROJECT_VERSION = 1;
				DEVELOPMENT_TEAM = 888L2DX93P;
				GENERATE_INFOPLIST_FILE = YES;
				MARKETING_VERSION = 1.0;
				PRODUCT_BUNDLE_IDENTIFIER = Beihang.up2UITests;
				PRODUCT_NAME = "$(TARGET_NAME)";
				SWIFT_EMIT_LOC_STRINGS = NO;
				SWIFT_VERSION = 5.0;
				TARGETED_DEVICE_FAMILY = "1,2";
				TEST_TARGET_NAME = up2;
			};
			name = Release;
		};
/* End XCBuildConfiguration section */

/* Begin XCConfigurationList section */
		85AEDDA02CA6A87B001A5D76 /* Build configuration list for PBXProject "up2" */ = {
			isa = XCConfigurationList;
			buildConfigurations = (
				85AEDDC72CA6A87C001A5D76 /* Debug */,
				85AEDDC82CA6A87C001A5D76 /* Release */,
			);
			defaultConfigurationIsVisible = 0;
			defaultConfigurationName = Release;
		};
		85AEDDC92CA6A87C001A5D76 /* Build configuration list for PBXNativeTarget "up2" */ = {
			isa = XCConfigurationList;
			buildConfigurations = (
				85AEDDCA2CA6A87C001A5D76 /* Debug */,
				85AEDDCB2CA6A87C001A5D76 /* Release */,
			);
			defaultConfigurationIsVisible = 0;
			defaultConfigurationName = Release;
		};
		85AEDDCC2CA6A87C001A5D76 /* Build configuration list for PBXNativeTarget "up2Tests" */ = {
			isa = XCConfigurationList;
			buildConfigurations = (
				85AEDDCD2CA6A87C001A5D76 /* Debug */,
				85AEDDCE2CA6A87C001A5D76 /* Release */,
			);
			defaultConfigurationIsVisible = 0;
			defaultConfigurationName = Release;
		};
		85AEDDCF2CA6A87C001A5D76 /* Build configuration list for PBXNativeTarget "up2UITests" */ = {
			isa = XCConfigurationList;
			buildConfigurations = (
				85AEDDD02CA6A87C001A5D76 /* Debug */,
				85AEDDD12CA6A87C001A5D76 /* Release */,
			);
			defaultConfigurationIsVisible = 0;
			defaultConfigurationName = Release;
		};
/* End XCConfigurationList section */
	};
	rootObject = 85AEDD9D2CA6A87B001A5D76 /* Project object */;
}
